
Microsoft Visual Studio Solution File, Format Version 10.00
# Visual Studio 2008
Project("{8BC9CEB8-8B4A-11D0-8D11-00A0C91BC942}") = "DefaultWindow", "DefaultWindow\DefaultWindow.vcproj", "{DB780F5D-5D60-4D21-90C0-61D432B7CB86}"
EndProject
Global
	GlobalSection(SolutionConfigurationPlatforms) = preSolution
		Debug|Win32 = Debug|Win32
		Release|Win32 = Release|Win32
	EndGlobalSection
	GlobalSection(ProjectConfigurationPlatforms) = postSolution
		{DB780F5D-5D60-4D21-90C0-61D432B7CB86}.Debug|Win32.ActiveCfg = Debug|Win32
		{DB780F5D-5D60-4D21-90C0-61D432B7CB86}.Debug|Win32.Build.0 = Debug|Win32
		{DB780F5D-5D60-4D21-90C0-61D432B7CB86}.Release|Win32.ActiveCfg = Release|Win32
		{DB780F5D-5D60-4D21-90C0-61D432B7CB86}.Release|Win32.Build.0 = Release|Win32
	EndGlobalSection
	GlobalSection(SolutionProperties) = preSolution
		HideSolutionNode = FALSE
	EndGlobalSection
EndGlobal
